
Microsoft Visual Studio Solution File, Format Version 12.00
# Visual Studio Version 17
VisualStudioVersion = 17.14.36109.1
MinimumVisualStudioVersion = 10.0.40219.1
Project("{FAE04EC0-301F-11D3-BF4B-00C04F79EFBC}") = "SysWeatherCSharpp", "SysWeatherCSharpp\SysWeatherCSharpp.csproj", "{BB9F38A0-2F85-4C52-8F5A-FB4122394814}"
EndProject
Global
	GlobalSection(SolutionConfigurationPlatforms) = preSolution
		Debug|Any CPU = Debug|Any CPU
		Release|Any CPU = Release|Any CPU
	EndGlobalSection
	GlobalSection(ProjectConfigurationPlatforms) = postSolution
		{BB9F38A0-2F85-4C52-8F5A-FB4122394814}.Debug|Any CPU.ActiveCfg = Debug|Any CPU
		{BB9F38A0-2F85-4C52-8F5A-FB4122394814}.Debug|Any CPU.Build.0 = Debug|Any CPU
		{BB9F38A0-2F85-4C52-8F5A-FB4122394814}.Release|Any CPU.ActiveCfg = Release|Any CPU
		{BB9F38A0-2F85-4C52-8F5A-FB4122394814}.Release|Any CPU.Build.0 = Release|Any CPU
	EndGlobalSection
	GlobalSection(SolutionProperties) = preSolution
		HideSolutionNode = FALSE
	EndGlobalSection
	GlobalSection(ExtensibilityGlobals) = postSolution
		SolutionGuid = {CD742EDB-394F-4F0D-9953-A9107120932F}
	EndGlobalSection
EndGlobal
